
Microsoft Visual Studio Solution File, Format Version 12.00
# Visual Studio 2012
Project("{8BC9CEB8-8B4A-11D0-8D11-00A0C91BC942}") = "win32", "win32\win32.vcxproj", "{3C774F6E-0AE1-4220-B9B8-DC19A6F1AE5E}"
EndProject
Global
	GlobalSection(SolutionConfigurationPlatforms) = preSolution
		Debug|Win32 = Debug|Win32
		Release|Win32 = Release|Win32
	EndGlobalSection
	GlobalSection(ProjectConfigurationPlatforms) = postSolution
		{3C774F6E-0AE1-4220-B9B8-DC19A6F1AE5E}.Debug|Win32.ActiveCfg = Debug|Win32
		{3C774F6E-0AE1-4220-B9B8-DC19A6F1AE5E}.Debug|Win32.Build.0 = Debug|Win32
		{3C774F6E-0AE1-4220-B9B8-DC19A6F1AE5E}.Release|Win32.ActiveCfg = Release|Win32
		{3C774F6E-0AE1-4220-B9B8-DC19A6F1AE5E}.Release|Win32.Build.0 = Release|Win32
	EndGlobalSection
	GlobalSection(SolutionProperties) = preSolution
		HideSolutionNode = FALSE
	EndGlobalSection
EndGlobal
